{
  "name": "audio_book",
  "version": "1.0.0",
  "lockfileVersion": 1,
  "requires": true,
  "dependencies": {
    "animejs": {
      "version": "3.2.1",
      "resolved": "https://registry.npm.taobao.org/animejs/download/animejs-3.2.1.tgz",
      "integrity": "sha1-3p/i55L0Snd6f99q4WDiZgSwzdo="
    },
    "vue-animejs": {
      "version": "2.1.1",
      "resolved": "https://registry.npm.taobao.org/vue-animejs/download/vue-animejs-2.1.1.tgz",
      "integrity": "sha1-JgV+WclBAoNBnHdSbaUkHR0PxGU=",
      "requires": {
        "animejs": "~3"
      }
    }
  }
}
